// !$*UTF8*$!
{
	archiveVersion = 1;
	classes = {
	};
	objectVersion = 46;
	objects = {

/* Begin PBXBuildFile section */
		19BEDDBC1C38266600812184 /* AppDelegate.swift in Sources */ = {isa = PBXBuildFile; fileRef = 19BEDDBB1C38266600812184 /* AppDelegate.swift */; };
		19BEDDBE1C38266600812184 /* ViewController.swift in Sources */ = {isa = PBXBuildFile; fileRef = 19BEDDBD1C38266600812184 /* ViewController.swift */; };
		19BEDDC11C38266600812184 /* Main.storyboard in Resources */ = {isa = PBXBuildFile; fileRef = 19BEDDBF1C38266600812184 /* Main.storyboard */; };
		19BEDDC31C38266600812184 /* Assets.xcassets in Resources */ = {isa = PBXBuildFile; fileRef = 19BEDDC21C38266600812184 /* Assets.xcassets */; };
		19BEDDC61C38266600812184 /* LaunchScreen.storyboard in Resources */ = {isa = PBXBuildFile; fileRef = 19BEDDC41C38266600812184 /* LaunchScreen.storyboard */; };
/* End PBXBuildFile section */

/* Begin PBXFileReference section */
		19BEDDB81C38266600812184 /* DynamicDemo.app */ = {isa = PBXFileReference; explicitFileType = wrapper.application; includeInIndex = 0; path = DynamicDemo.app; sourceTree = BUILT_PRODUCTS_DIR; };
		19BEDDBB1C38266600812184 /* AppDelegate.swift */ = {isa = PBXFileReference; lastKnownFileType = sourcecode.swift; path = AppDelegate.swift; sourceTree = "<group>"; };
		19BEDDBD1C38266600812184 /* ViewController.swift */ = {isa = PBXFileReference; lastKnownFileType = sourcecode.swift; path = ViewController.swift; sourceTree = "<group>"; };
		19BEDDC01C38266600812184 /* Base */ = {isa = PBXFileReference; lastKnownFileType = file.storyboard; name = Base; path = Base.lproj/Main.storyboard; sourceTree = "<group>"; };
		19BEDDC21C38266600812184 /* Assets.xcassets */ = {isa = PBXFileReference; lastKnownFileType = folder.assetcatalog; path = Assets.xcassets; sourceTree = "<group>"; };
		19BEDDC51C38266600812184 /* Base */ = {isa = PBXFileReference; lastKnownFileType = file.storyboard; name = Base; path = Base.lproj/LaunchScreen.storyboard; sourceTree = "<group>"; };
		19BEDDC71C38266600812184 /* Info.plist */ = {isa = PBXFileReference; lastKnownFileType = text.plist.xml; path = Info.plist; sourceTree = "<group>"; };
/* End PBXFileReference section */

/* Begin PBXFrameworksBuildPhase section */
		19BEDDB51C38266600812184 /* Frameworks */ = {
			isa = PBXFrameworksBuildPhase;
			buildActionMask = 2147483647;
			files = (
			);
			runOnlyForDeploymentPostprocessing = 0;
		};
/* End PBXFrameworksBuildPhase section */

/* Begin PBXGroup section */
		19BEDDAF1C38266600812184 = {
			isa = PBXGroup;
			children = (
				19BEDDBA1C38266600812184 /* DynamicDemo */,
				19BEDDB91C38266600812184 /* Products */,
			);
			sourceTree = "<group>";
		};
		19BEDDB91C38266600812184 /* Products */ = {
			isa = PBXGroup;
			children = (
				19BEDDB81C38266600812184 /* DynamicDemo.app */,
			);
			name = Products;
			sourceTree = "<group>";
		};
		19BEDDBA1C38266600812184 /* DynamicDemo */ = {
			isa = PBXGroup;
			children = (
				19BEDDBB1C38266600812184 /* AppDelegate.swift */,
				19BEDDBD1C38266600812184 /* ViewController.swift */,
				19BEDDBF1C38266600812184 /* Main.storyboard */,
				19BEDDC21C38266600812184 /* Assets.xcassets */,
				19BEDDC41C38266600812184 /* LaunchScreen.storyboard */,
				19BEDDC71C38266600812184 /* Info.plist */,
			);
			path = DynamicDemo;
			sourceTree = "<group>";
		};
/* End PBXGroup section */

/* Begin PBXNativeTarget section */
		19BEDDB71C38266600812184 /* DynamicDemo */ = {
			isa = PBXNativeTarget;
			buildConfigurationList = 19BEDDCA1C38266600812184 /* Build configuration list for PBXNativeTarget "DynamicDemo" */;
			buildPhases = (
				19BEDDB41C38266600812184 /* Sources */,
				19BEDDB51C38266600812184 /* Frameworks */,
				19BEDDB61C38266600812184 /* Resources */,
			);
			buildRules = (
			);
			dependencies = (
			);
			name = DynamicDemo;
			productName = DynamicDemo;
			productReference = 19BEDDB81C38266600812184 /* DynamicDemo.app */;
			productType = "com.apple.product-type.application";
		};
/* End PBXNativeTarget section */

/* Begin PBXProject section */
		19BEDDB01C38266600812184 /* Project object */ = {
			isa = PBXProject;
			attributes = {
				LastSwiftUpdateCheck = 0720;
				LastUpgradeCheck = 0720;
				ORGANIZATIONNAME = Th;
				TargetAttributes = {
					19BEDDB71C38266600812184 = {
						CreatedOnToolsVersion = 7.2;
					};
				};
			};
			buildConfigurationList = 19BEDDB31C38266600812184 /* Build configuration list for PBXProject "DynamicDemo" */;
			compatibilityVersion = "Xcode 3.2";
			developmentRegion = English;
			hasScannedForEncodings = 0;
			knownRegions = (
				en,
				Base,
			);
			mainGroup = 19BEDDAF1C38266600812184;
			productRefGroup = 19BEDDB91C38266600812184 /* Products */;
			projectDirPath = "";
			projectRoot = "";
			targets = (
				19BEDDB71C38266600812184 /* DynamicDemo */,
			);
		};
/* End PBXProject section */

/* Begin PBXResourcesBuildPhase section */
		19BEDDB61C38266600812184 /* Resources */ = {
			isa = PBXResourcesBuildPhase;
			buildActionMask = 2147483647;
			files = (
				19BEDDC61C38266600812184 /* LaunchScreen.storyboard in Resources */,
				19BEDDC31C38266600812184 /* Assets.xcassets in Resources */,
				19BEDDC11C38266600812184 /* Main.storyboard in Resources */,
			);
			runOnlyForDeploymentPostprocessing = 0;
		};
/* End PBXResourcesBuildPhase section */

/* Begin PBXSourcesBuildPhase section */
		19BEDDB41C38266600812184 /* Sources */ = {
			isa = PBXSourcesBuildPhase;
			buildActionMask = 2147483647;
			files = (
				19BEDDBE1C38266600812184 /* ViewController.swift in Sources */,
				19BEDDBC1C38266600812184 /* AppDelegate.swift in Sources */,
			);
			runOnlyForDeploymentPostprocessing = 0;
		};
/* End PBXSourcesBuildPhase section */

/* Begin PBXVariantGroup section */
		19BEDDBF1C38266600812184 /* Main.storyboard */ = {
			isa = PBXVariantGroup;
			children = (
				19BEDDC01C38266600812184 /* Base */,
			);
			name = Main.storyboard;
			sourceTree = "<group>";
		};
		19BEDDC41C38266600812184 /* LaunchScreen.storyboard */ = {
			isa = PBXVariantGroup;
			children = (
				19BEDDC51C38266600812184 /* Base */,
			);
			name = LaunchScreen.storyboard;
			sourceTree = "<group>";
		};
/* End PBXVariantGroup section */

/* Begin XCBuildConfiguration section */
		19BEDDC81C38266600812184 /* Debug */ = {
			isa = XCBuildConfiguration;
			buildSettings = {
				ALWAYS_SEARCH_USER_PATHS = NO;
				CLANG_CXX_LANGUAGE_STANDARD = "gnu++0x";
				CLANG_CXX_LIBRARY = "libc++";
				CLANG_ENABLE_MODULES = YES;
				CLANG_ENABLE_OBJC_ARC = YES;
				CLANG_WARN_BOOL_CONVERSION = YES;
				CLANG_WARN_CONSTANT_CONVERSION = YES;
				CLANG_WARN_DIRECT_OBJC_ISA_USAGE = YES_ERROR;
				CLANG_WARN_EMPTY_BODY = YES;
				CLANG_WARN_ENUM_CONVERSION = YES;
				CLANG_WARN_INT_CONVERSION = YES;
				CLANG_WARN_OBJC_ROOT_CLASS = YES_ERROR;
				CLANG_WARN_UNREACHABLE_CODE = YES;
				CLANG_WARN__DUPLICATE_METHOD_MATCH = YES;
				"CODE_SIGN_IDENTITY[sdk=iphoneos*]" = "iPhone Developer";
				COPY_PHASE_STRIP = NO;
				DEBUG_INFORMATION_FORMAT = dwarf;
				ENABLE_STRICT_OBJC_MSGSEND = YES;
				ENABLE_TESTABILITY = YES;
				GCC_C_LANGUAGE_STANDARD = gnu99;
				GCC_DYNAMIC_NO_PIC = NO;
				GCC_NO_COMMON_BLOCKS = YES;
				GCC_OPTIMIZATION_LEVEL = 0;
				GCC_PREPROCESSOR_DEFINITIONS = (
					"DEBUG=1",
					"$(inherited)",
				);
				GCC_WARN_64_TO_32_BIT_CONVERSION = YES;
				GCC_WARN_ABOUT_RETURN_TYPE = YES_ERROR;
				GCC_WARN_UNDECLARED_SELECTOR = YES;
				GCC_WARN_UNINITIALIZED_AUTOS = YES_AGGRESSIVE;
				GCC_WARN_UNUSED_FUNCTION = YES;
				GCC_WARN_UNUSED_VARIABLE = YES;
				IPHONEOS_DEPLOYMENT_TARGET = 9.2;
				MTL_ENABLE_DEBUG_INFO = YES;
				ONLY_ACTIVE_ARCH = YES;
				SDKROOT = iphoneos;
				SWIFT_OPTIMIZATION_LEVEL = "-Onone";
				TARGETED_DEVICE_FAMILY = "1,2";
			};
			name = Debug;
		};
		19BEDDC91C38266600812184 /* Release */ = {
			isa = XCBuildConfiguration;
			buildSettings = {
				ALWAYS_SEARCH_USER_PATHS = NO;
				CLANG_CXX_LANGUAGE_STANDARD = "gnu++0x";
				CLANG_CXX_LIBRARY = "libc++";
				CLANG_ENABLE_MODULES = YES;
				CLANG_ENABLE_OBJC_ARC = YES;
				CLANG_WARN_BOOL_CONVERSION = YES;
				CLANG_WARN_CONSTANT_CONVERSION = YES;
				CLANG_WARN_DIRECT_OBJC_ISA_USAGE = YES_ERROR;
				CLANG_WARN_EMPTY_BODY = YES;
				CLANG_WARN_ENUM_CONVERSION = YES;
				CLANG_WARN_INT_CONVERSION = YES;
				CLANG_WARN_OBJC_ROOT_CLASS = YES_ERROR;
				CLANG_WARN_UNREACHABLE_CODE = YES;
				CLANG_WARN__DUPLICATE_METHOD_MATCH = YES;
				"CODE_SIGN_IDENTITY[sdk=iphoneos*]" = "iPhone Developer";
				COPY_PHASE_STRIP = NO;
				DEBUG_INFORMATION_FORMAT = "dwarf-with-dsym";
				ENABLE_NS_ASSERTIONS = NO;
				ENABLE_STRICT_OBJC_MSGSEND = YES;
				GCC_C_LANGUAGE_STANDARD = gnu99;
				GCC_NO_COMMON_BLOCKS = YES;
				GCC_WARN_64_TO_32_BIT_CONVERSION = YES;
				GCC_WARN_ABOUT_RETURN_TYPE = YES_ERROR;
				GCC_WARN_UNDECLARED_SELECTOR = YES;
				GCC_WARN_UNINITIALIZED_AUTOS = YES_AGGRESSIVE;
				GCC_WARN_UNUSED_FUNCTION = YES;
				GCC_WARN_UNUSED_VARIABLE = YES;
				IPHONEOS_DEPLOYMENT_TARGET = 9.2;
				MTL_ENABLE_DEBUG_INFO = NO;
				SDKROOT = iphoneos;
				TARGETED_DEVICE_FAMILY = "1,2";
				VALIDATE_PRODUCT = YES;
			};
			name = Release;
		};
		19BEDDCB1C38266600812184 /* Debug */ = {
			isa = XCBuildConfiguration;
			buildSettings = {
				ASSETCATALOG_COMPILER_APPICON_NAME = AppIcon;
				INFOPLIST_FILE = DynamicDemo/Info.plist;
				LD_RUNPATH_SEARCH_PATHS = "$(inherited) @executable_path/Frameworks";
				PRODUCT_BUNDLE_IDENTIFIER = tonghu.DynamicDemo;
				PRODUCT_NAME = "$(TARGET_NAME)";
			};
			name = Debug;
		};
		19BEDDCC1C38266600812184 /* Release */ = {
			isa = XCBuildConfiguration;
			buildSettings = {
				ASSETCATALOG_COMPILER_APPICON_NAME = AppIcon;
				INFOPLIST_FILE = DynamicDemo/Info.plist;
				LD_RUNPATH_SEARCH_PATHS = "$(inherited) @executable_path/Frameworks";
				PRODUCT_BUNDLE_IDENTIFIER = tonghu.DynamicDemo;
				PRODUCT_NAME = "$(TARGET_NAME)";
			};
			name = Release;
		};
/* End XCBuildConfiguration section */

/* Begin XCConfigurationList section */
		19BEDDB31C38266600812184 /* Build configuration list for PBXProject "DynamicDemo" */ = {
			isa = XCConfigurationList;
			buildConfigurations = (
				19BEDDC81C38266600812184 /* Debug */,
				19BEDDC91C38266600812184 /* Release */,
			);
			defaultConfigurationIsVisible = 0;
			defaultConfigurationName = Release;
		};
		19BEDDCA1C38266600812184 /* Build configuration list for PBXNativeTarget "DynamicDemo" */ = {
			isa = XCConfigurationList;
			buildConfigurations = (
				19BEDDCB1C38266600812184 /* Debug */,
				19BEDDCC1C38266600812184 /* Release */,
			);
			defaultConfigurationIsVisible = 0;
		};
/* End XCConfigurationList section */
	};
	rootObject = 19BEDDB01C38266600812184 /* Project object */;
}
